
Microsoft Visual Studio Solution File, Format Version 12.00
# Visual Studio Version 16
VisualStudioVersion = 16.0.30907.101
MinimumVisualStudioVersion = 10.0.40219.1
Project("{9A19103F-16F7-4668-BE54-9A1E7A4F7556}") = "SolucionIoT.COMMON", "SolucionIoT.COMMON\SolucionIoT.COMMON.csproj", "{C01073DC-35C4-425F-8769-DBCF2ABD094A}"
EndProject
Project("{9A19103F-16F7-4668-BE54-9A1E7A4F7556}") = "SolucionIoT.DAL", "SolucionIoT.DAL\SolucionIoT.DAL.csproj", "{A687B36C-4690-4CA1-BA41-5689883D87B3}"
EndProject
Project("{FAE04EC0-301F-11D3-BF4B-00C04F79EFBC}") = "SolucionIoT.BIZ", "SolucionIoT.BIZ\SolucionIoT.BIZ.csproj", "{F580BA7F-E111-4044-9CD0-0ACE638398DB}"
EndProject
Project("{FAE04EC0-301F-11D3-BF4B-00C04F79EFBC}") = "SolucionIoT.Web", "SolucionIoT.Web\SolucionIoT.Web.csproj", "{8BF7A1DA-F254-4FF7-9BFA-FB64B84B0841}"
EndProject
Global
	GlobalSection(SolutionConfigurationPlatforms) = preSolution
		Debug|Any CPU = Debug|Any CPU
		Release|Any CPU = Release|Any CPU
	EndGlobalSection
	GlobalSection(ProjectConfigurationPlatforms) = postSolution
		{C01073DC-35C4-425F-8769-DBCF2ABD094A}.Debug|Any CPU.ActiveCfg = Debug|Any CPU
		{C01073DC-35C4-425F-8769-DBCF2ABD094A}.Debug|Any CPU.Build.0 = Debug|Any CPU
		{C01073DC-35C4-425F-8769-DBCF2ABD094A}.Release|Any CPU.ActiveCfg = Release|Any CPU
		{C01073DC-35C4-425F-8769-DBCF2ABD094A}.Release|Any CPU.Build.0 = Release|Any CPU
		{A687B36C-4690-4CA1-BA41-5689883D87B3}.Debug|Any CPU.ActiveCfg = Debug|Any CPU
		{A687B36C-4690-4CA1-BA41-5689883D87B3}.Debug|Any CPU.Build.0 = Debug|Any CPU
		{A687B36C-4690-4CA1-BA41-5689883D87B3}.Release|Any CPU.ActiveCfg = Release|Any CPU
		{A687B36C-4690-4CA1-BA41-5689883D87B3}.Release|Any CPU.Build.0 = Release|Any CPU
		{F580BA7F-E111-4044-9CD0-0ACE638398DB}.Debug|Any CPU.ActiveCfg = Debug|Any CPU
		{F580BA7F-E111-4044-9CD0-0ACE638398DB}.Debug|Any CPU.Build.0 = Debug|Any CPU
		{F580BA7F-E111-4044-9CD0-0ACE638398DB}.Release|Any CPU.ActiveCfg = Release|Any CPU
		{F580BA7F-E111-4044-9CD0-0ACE638398DB}.Release|Any CPU.Build.0 = Release|Any CPU
		{8BF7A1DA-F254-4FF7-9BFA-FB64B84B0841}.Debug|Any CPU.ActiveCfg = Debug|Any CPU
		{8BF7A1DA-F254-4FF7-9BFA-FB64B84B0841}.Debug|Any CPU.Build.0 = Debug|Any CPU
		{8BF7A1DA-F254-4FF7-9BFA-FB64B84B0841}.Release|Any CPU.ActiveCfg = Release|Any CPU
		{8BF7A1DA-F254-4FF7-9BFA-FB64B84B0841}.Release|Any CPU.Build.0 = Release|Any CPU
	EndGlobalSection
	GlobalSection(SolutionProperties) = preSolution
		HideSolutionNode = FALSE
	EndGlobalSection
	GlobalSection(ExtensibilityGlobals) = postSolution
		SolutionGuid = {A44FA133-8528-4C97-92CE-830DFEB6DF60}
	EndGlobalSection
EndGlobal
