
Microsoft Visual Studio Solution File, Format Version 12.00
# Visual Studio Version 16
VisualStudioVersion = 16.0.30907.101
MinimumVisualStudioVersion = 10.0.40219.1
Project("{9A19103F-16F7-4668-BE54-9A1E7A4F7556}") = "SolucionIoT.COMMON", "SolucionIoT.COMMON\SolucionIoT.COMMON.csproj", "{C01073DC-35C4-425F-8769-DBCF2ABD094A}"
EndProject
Project("{9A19103F-16F7-4668-BE54-9A1E7A4F7556}") = "SolucionIoT.DAL", "SolucionIoT.DAL\SolucionIoT.DAL.csproj", "{A687B36C-4690-4CA1-BA41-5689883D87B3}"
EndProject
Project("{9A19103F-16F7-4668-BE54-9A1E7A4F7556}") = "SolucionIoT.BIZ", "SolucionIoT.BIZ\SolucionIoT.BIZ.csproj", "{F580BA7F-E111-4044-9CD0-0ACE638398DB}"
EndProject
Project("{9A19103F-16F7-4668-BE54-9A1E7A4F7556}") = "SolucionIoT.Web", "SolucionIoT.Web\SolucionIoT.Web.csproj", "{8BF7A1DA-F254-4FF7-9BFA-FB64B84B0841}"
EndProject
Project("{9A19103F-16F7-4668-BE54-9A1E7A4F7556}") = "SolucionIoT.BIZ.API", "SolucionIoT.BIZ.API\SolucionIoT.BIZ.API.csproj", "{73D7EA0C-6E6D-4E47-9BF0-8DD55C717518}"
EndProject
Project("{FAE04EC0-301F-11D3-BF4B-00C04F79EFBC}") = "SolucionIoT.ClienteWPF", "SolucionIoT.ClienteWPF\SolucionIoT.ClienteWPF.csproj", "{74B170D2-7184-4ECE-89B2-94BA5B7863B8}"
EndProject
Project("{FAE04EC0-301F-11D3-BF4B-00C04F79EFBC}") = "SolucionIoT.ClienteMovil.UWP", "SolucionIoT.ClienteMovil\SolucionIoT.ClienteMovil.UWP\SolucionIoT.ClienteMovil.UWP.csproj", "{61EEB780-8633-4F98-A539-44D7FE03CEF2}"
EndProject
Project("{FAE04EC0-301F-11D3-BF4B-00C04F79EFBC}") = "SolucionIoT.ClienteMovil.Android", "SolucionIoT.ClienteMovil\SolucionIoT.ClienteMovil.Android\SolucionIoT.ClienteMovil.Android.csproj", "{D6E3CB26-BA87-4901-A836-25EF6A7D2A4F}"
EndProject
Project("{FAE04EC0-301F-11D3-BF4B-00C04F79EFBC}") = "SolucionIoT.ClienteMovil.iOS", "SolucionIoT.ClienteMovil\SolucionIoT.ClienteMovil.iOS\SolucionIoT.ClienteMovil.iOS.csproj", "{B02AA58F-E2EB-4DF2-A70F-C4352CC9C700}"
EndProject
Project("{9A19103F-16F7-4668-BE54-9A1E7A4F7556}") = "SolucionIoT.ClienteMovil", "SolucionIoT.ClienteMovil\SolucionIoT.ClienteMovil\SolucionIoT.ClienteMovil.csproj", "{7B502209-64DF-4FF7-95B8-85CF6D505E99}"
EndProject
Project("{9A19103F-16F7-4668-BE54-9A1E7A4F7556}") = "SolucionIoT.Tools", "SolucionIoT.Tools\SolucionIoT.Tools.csproj", "{08272B83-F33C-4B95-8BA7-D5A37E802B5D}"
EndProject
Global
	GlobalSection(SolutionConfigurationPlatforms) = preSolution
		Debug|Any CPU = Debug|Any CPU
		Debug|ARM = Debug|ARM
		Debug|iPhone = Debug|iPhone
		Debug|iPhoneSimulator = Debug|iPhoneSimulator
		Debug|x64 = Debug|x64
		Debug|x86 = Debug|x86
		Release|Any CPU = Release|Any CPU
		Release|ARM = Release|ARM
		Release|iPhone = Release|iPhone
		Release|iPhoneSimulator = Release|iPhoneSimulator
		Release|x64 = Release|x64
		Release|x86 = Release|x86
	EndGlobalSection
	GlobalSection(ProjectConfigurationPlatforms) = postSolution
		{C01073DC-35C4-425F-8769-DBCF2ABD094A}.Debug|Any CPU.ActiveCfg = Debug|Any CPU
		{C01073DC-35C4-425F-8769-DBCF2ABD094A}.Debug|Any CPU.Build.0 = Debug|Any CPU
		{C01073DC-35C4-425F-8769-DBCF2ABD094A}.Debug|ARM.ActiveCfg = Debug|Any CPU
		{C01073DC-35C4-425F-8769-DBCF2ABD094A}.Debug|ARM.Build.0 = Debug|Any CPU
		{C01073DC-35C4-425F-8769-DBCF2ABD094A}.Debug|iPhone.ActiveCfg = Debug|Any CPU
		{C01073DC-35C4-425F-8769-DBCF2ABD094A}.Debug|iPhone.Build.0 = Debug|Any CPU
		{C01073DC-35C4-425F-8769-DBCF2ABD094A}.Debug|iPhoneSimulator.ActiveCfg = Debug|Any CPU
		{C01073DC-35C4-425F-8769-DBCF2ABD094A}.Debug|iPhoneSimulator.Build.0 = Debug|Any CPU
		{C01073DC-35C4-425F-8769-DBCF2ABD094A}.Debug|x64.ActiveCfg = Debug|Any CPU
		{C01073DC-35C4-425F-8769-DBCF2ABD094A}.Debug|x64.Build.0 = Debug|Any CPU
		{C01073DC-35C4-425F-8769-DBCF2ABD094A}.Debug|x86.ActiveCfg = Debug|Any CPU
		{C01073DC-35C4-425F-8769-DBCF2ABD094A}.Debug|x86.Build.0 = Debug|Any CPU
		{C01073DC-35C4-425F-8769-DBCF2ABD094A}.Release|Any CPU.ActiveCfg = Release|Any CPU
		{C01073DC-35C4-425F-8769-DBCF2ABD094A}.Release|Any CPU.Build.0 = Release|Any CPU
		{C01073DC-35C4-425F-8769-DBCF2ABD094A}.Release|ARM.ActiveCfg = Release|Any CPU
		{C01073DC-35C4-425F-8769-DBCF2ABD094A}.Release|ARM.Build.0 = Release|Any CPU
		{C01073DC-35C4-425F-8769-DBCF2ABD094A}.Release|iPhone.ActiveCfg = Release|Any CPU
		{C01073DC-35C4-425F-8769-DBCF2ABD094A}.Release|iPhone.Build.0 = Release|Any CPU
		{C01073DC-35C4-425F-8769-DBCF2ABD094A}.Release|iPhoneSimulator.ActiveCfg = Release|Any CPU
		{C01073DC-35C4-425F-8769-DBCF2ABD094A}.Release|iPhoneSimulator.Build.0 = Release|Any CPU
		{C01073DC-35C4-425F-8769-DBCF2ABD094A}.Release|x64.ActiveCfg = Release|Any CPU
		{C01073DC-35C4-425F-8769-DBCF2ABD094A}.Release|x64.Build.0 = Release|Any CPU
		{C01073DC-35C4-425F-8769-DBCF2ABD094A}.Release|x86.ActiveCfg = Release|Any CPU
		{C01073DC-35C4-425F-8769-DBCF2ABD094A}.Release|x86.Build.0 = Release|Any CPU
		{A687B36C-4690-4CA1-BA41-5689883D87B3}.Debug|Any CPU.ActiveCfg = Debug|Any CPU
		{A687B36C-4690-4CA1-BA41-5689883D87B3}.Debug|Any CPU.Build.0 = Debug|Any CPU
		{A687B36C-4690-4CA1-BA41-5689883D87B3}.Debug|ARM.ActiveCfg = Debug|Any CPU
		{A687B36C-4690-4CA1-BA41-5689883D87B3}.Debug|ARM.Build.0 = Debug|Any CPU
		{A687B36C-4690-4CA1-BA41-5689883D87B3}.Debug|iPhone.ActiveCfg = Debug|Any CPU
		{A687B36C-4690-4CA1-BA41-5689883D87B3}.Debug|iPhone.Build.0 = Debug|Any CPU
		{A687B36C-4690-4CA1-BA41-5689883D87B3}.Debug|iPhoneSimulator.ActiveCfg = Debug|Any CPU
		{A687B36C-4690-4CA1-BA41-5689883D87B3}.Debug|iPhoneSimulator.Build.0 = Debug|Any CPU
		{A687B36C-4690-4CA1-BA41-5689883D87B3}.Debug|x64.ActiveCfg = Debug|Any CPU
		{A687B36C-4690-4CA1-BA41-5689883D87B3}.Debug|x64.Build.0 = Debug|Any CPU
		{A687B36C-4690-4CA1-BA41-5689883D87B3}.Debug|x86.ActiveCfg = Debug|Any CPU
		{A687B36C-4690-4CA1-BA41-5689883D87B3}.Debug|x86.Build.0 = Debug|Any CPU
		{A687B36C-4690-4CA1-BA41-5689883D87B3}.Release|Any CPU.ActiveCfg = Release|Any CPU
		{A687B36C-4690-4CA1-BA41-5689883D87B3}.Release|Any CPU.Build.0 = Release|Any CPU
		{A687B36C-4690-4CA1-BA41-5689883D87B3}.Release|ARM.ActiveCfg = Release|Any CPU
		{A687B36C-4690-4CA1-BA41-5689883D87B3}.Release|ARM.Build.0 = Release|Any CPU
		{A687B36C-4690-4CA1-BA41-5689883D87B3}.Release|iPhone.ActiveCfg = Release|Any CPU
		{A687B36C-4690-4CA1-BA41-5689883D87B3}.Release|iPhone.Build.0 = Release|Any CPU
		{A687B36C-4690-4CA1-BA41-5689883D87B3}.Release|iPhoneSimulator.ActiveCfg = Release|Any CPU
		{A687B36C-4690-4CA1-BA41-5689883D87B3}.Release|iPhoneSimulator.Build.0 = Release|Any CPU
		{A687B36C-4690-4CA1-BA41-5689883D87B3}.Release|x64.ActiveCfg = Release|Any CPU
		{A687B36C-4690-4CA1-BA41-5689883D87B3}.Release|x64.Build.0 = Release|Any CPU
		{A687B36C-4690-4CA1-BA41-5689883D87B3}.Release|x86.ActiveCfg = Release|Any CPU
		{A687B36C-4690-4CA1-BA41-5689883D87B3}.Release|x86.Build.0 = Release|Any CPU
		{F580BA7F-E111-4044-9CD0-0ACE638398DB}.Debug|Any CPU.ActiveCfg = Debug|Any CPU
		{F580BA7F-E111-4044-9CD0-0ACE638398DB}.Debug|Any CPU.Build.0 = Debug|Any CPU
		{F580BA7F-E111-4044-9CD0-0ACE638398DB}.Debug|ARM.ActiveCfg = Debug|Any CPU
		{F580BA7F-E111-4044-9CD0-0ACE638398DB}.Debug|ARM.Build.0 = Debug|Any CPU
		{F580BA7F-E111-4044-9CD0-0ACE638398DB}.Debug|iPhone.ActiveCfg = Debug|Any CPU
		{F580BA7F-E111-4044-9CD0-0ACE638398DB}.Debug|iPhone.Build.0 = Debug|Any CPU
		{F580BA7F-E111-4044-9CD0-0ACE638398DB}.Debug|iPhoneSimulator.ActiveCfg = Debug|Any CPU
		{F580BA7F-E111-4044-9CD0-0ACE638398DB}.Debug|iPhoneSimulator.Build.0 = Debug|Any CPU
		{F580BA7F-E111-4044-9CD0-0ACE638398DB}.Debug|x64.ActiveCfg = Debug|Any CPU
		{F580BA7F-E111-4044-9CD0-0ACE638398DB}.Debug|x64.Build.0 = Debug|Any CPU
		{F580BA7F-E111-4044-9CD0-0ACE638398DB}.Debug|x86.ActiveCfg = Debug|Any CPU
		{F580BA7F-E111-4044-9CD0-0ACE638398DB}.Debug|x86.Build.0 = Debug|Any CPU
		{F580BA7F-E111-4044-9CD0-0ACE638398DB}.Release|Any CPU.ActiveCfg = Release|Any CPU
		{F580BA7F-E111-4044-9CD0-0ACE638398DB}.Release|Any CPU.Build.0 = Release|Any CPU
		{F580BA7F-E111-4044-9CD0-0ACE638398DB}.Release|ARM.ActiveCfg = Release|Any CPU
		{F580BA7F-E111-4044-9CD0-0ACE638398DB}.Release|ARM.Build.0 = Release|Any CPU
		{F580BA7F-E111-4044-9CD0-0ACE638398DB}.Release|iPhone.ActiveCfg = Release|Any CPU
		{F580BA7F-E111-4044-9CD0-0ACE638398DB}.Release|iPhone.Build.0 = Release|Any CPU
		{F580BA7F-E111-4044-9CD0-0ACE638398DB}.Release|iPhoneSimulator.ActiveCfg = Release|Any CPU
		{F580BA7F-E111-4044-9CD0-0ACE638398DB}.Release|iPhoneSimulator.Build.0 = Release|Any CPU
		{F580BA7F-E111-4044-9CD0-0ACE638398DB}.Release|x64.ActiveCfg = Release|Any CPU
		{F580BA7F-E111-4044-9CD0-0ACE638398DB}.Release|x64.Build.0 = Release|Any CPU
		{F580BA7F-E111-4044-9CD0-0ACE638398DB}.Release|x86.ActiveCfg = Release|Any CPU
		{F580BA7F-E111-4044-9CD0-0ACE638398DB}.Release|x86.Build.0 = Release|Any CPU
		{8BF7A1DA-F254-4FF7-9BFA-FB64B84B0841}.Debug|Any CPU.ActiveCfg = Debug|Any CPU
		{8BF7A1DA-F254-4FF7-9BFA-FB64B84B0841}.Debug|Any CPU.Build.0 = Debug|Any CPU
		{8BF7A1DA-F254-4FF7-9BFA-FB64B84B0841}.Debug|ARM.ActiveCfg = Debug|Any CPU
		{8BF7A1DA-F254-4FF7-9BFA-FB64B84B0841}.Debug|ARM.Build.0 = Debug|Any CPU
		{8BF7A1DA-F254-4FF7-9BFA-FB64B84B0841}.Debug|iPhone.ActiveCfg = Debug|Any CPU
		{8BF7A1DA-F254-4FF7-9BFA-FB64B84B0841}.Debug|iPhone.Build.0 = Debug|Any CPU
		{8BF7A1DA-F254-4FF7-9BFA-FB64B84B0841}.Debug|iPhoneSimulator.ActiveCfg = Debug|Any CPU
		{8BF7A1DA-F254-4FF7-9BFA-FB64B84B0841}.Debug|iPhoneSimulator.Build.0 = Debug|Any CPU
		{8BF7A1DA-F254-4FF7-9BFA-FB64B84B0841}.Debug|x64.ActiveCfg = Debug|Any CPU
		{8BF7A1DA-F254-4FF7-9BFA-FB64B84B0841}.Debug|x64.Build.0 = Debug|Any CPU
		{8BF7A1DA-F254-4FF7-9BFA-FB64B84B0841}.Debug|x86.ActiveCfg = Debug|Any CPU
		{8BF7A1DA-F254-4FF7-9BFA-FB64B84B0841}.Debug|x86.Build.0 = Debug|Any CPU
		{8BF7A1DA-F254-4FF7-9BFA-FB64B84B0841}.Release|Any CPU.ActiveCfg = Release|Any CPU
		{8BF7A1DA-F254-4FF7-9BFA-FB64B84B0841}.Release|Any CPU.Build.0 = Release|Any CPU
		{8BF7A1DA-F254-4FF7-9BFA-FB64B84B0841}.Release|ARM.ActiveCfg = Release|Any CPU
		{8BF7A1DA-F254-4FF7-9BFA-FB64B84B0841}.Release|ARM.Build.0 = Release|Any CPU
		{8BF7A1DA-F254-4FF7-9BFA-FB64B84B0841}.Release|iPhone.ActiveCfg = Release|Any CPU
		{8BF7A1DA-F254-4FF7-9BFA-FB64B84B0841}.Release|iPhone.Build.0 = Release|Any CPU
		{8BF7A1DA-F254-4FF7-9BFA-FB64B84B0841}.Release|iPhoneSimulator.ActiveCfg = Release|Any CPU
		{8BF7A1DA-F254-4FF7-9BFA-FB64B84B0841}.Release|iPhoneSimulator.Build.0 = Release|Any CPU
		{8BF7A1DA-F254-4FF7-9BFA-FB64B84B0841}.Release|x64.ActiveCfg = Release|Any CPU
		{8BF7A1DA-F254-4FF7-9BFA-FB64B84B0841}.Release|x64.Build.0 = Release|Any CPU
		{8BF7A1DA-F254-4FF7-9BFA-FB64B84B0841}.Release|x86.ActiveCfg = Release|Any CPU
		{8BF7A1DA-F254-4FF7-9BFA-FB64B84B0841}.Release|x86.Build.0 = Release|Any CPU
		{73D7EA0C-6E6D-4E47-9BF0-8DD55C717518}.Debug|Any CPU.ActiveCfg = Debug|Any CPU
		{73D7EA0C-6E6D-4E47-9BF0-8DD55C717518}.Debug|Any CPU.Build.0 = Debug|Any CPU
		{73D7EA0C-6E6D-4E47-9BF0-8DD55C717518}.Debug|ARM.ActiveCfg = Debug|Any CPU
		{73D7EA0C-6E6D-4E47-9BF0-8DD55C717518}.Debug|ARM.Build.0 = Debug|Any CPU
		{73D7EA0C-6E6D-4E47-9BF0-8DD55C717518}.Debug|iPhone.ActiveCfg = Debug|Any CPU
		{73D7EA0C-6E6D-4E47-9BF0-8DD55C717518}.Debug|iPhone.Build.0 = Debug|Any CPU
		{73D7EA0C-6E6D-4E47-9BF0-8DD55C717518}.Debug|iPhoneSimulator.ActiveCfg = Debug|Any CPU
		{73D7EA0C-6E6D-4E47-9BF0-8DD55C717518}.Debug|iPhoneSimulator.Build.0 = Debug|Any CPU
		{73D7EA0C-6E6D-4E47-9BF0-8DD55C717518}.Debug|x64.ActiveCfg = Debug|Any CPU
		{73D7EA0C-6E6D-4E47-9BF0-8DD55C717518}.Debug|x64.Build.0 = Debug|Any CPU
		{73D7EA0C-6E6D-4E47-9BF0-8DD55C717518}.Debug|x86.ActiveCfg = Debug|Any CPU
		{73D7EA0C-6E6D-4E47-9BF0-8DD55C717518}.Debug|x86.Build.0 = Debug|Any CPU
		{73D7EA0C-6E6D-4E47-9BF0-8DD55C717518}.Release|Any CPU.ActiveCfg = Release|Any CPU
		{73D7EA0C-6E6D-4E47-9BF0-8DD55C717518}.Release|Any CPU.Build.0 = Release|Any CPU
		{73D7EA0C-6E6D-4E47-9BF0-8DD55C717518}.Release|ARM.ActiveCfg = Release|Any CPU
		{73D7EA0C-6E6D-4E47-9BF0-8DD55C717518}.Release|ARM.Build.0 = Release|Any CPU
		{73D7EA0C-6E6D-4E47-9BF0-8DD55C717518}.Release|iPhone.ActiveCfg = Release|Any CPU
		{73D7EA0C-6E6D-4E47-9BF0-8DD55C717518}.Release|iPhone.Build.0 = Release|Any CPU
		{73D7EA0C-6E6D-4E47-9BF0-8DD55C717518}.Release|iPhoneSimulator.ActiveCfg = Release|Any CPU
		{73D7EA0C-6E6D-4E47-9BF0-8DD55C717518}.Release|iPhoneSimulator.Build.0 = Release|Any CPU
		{73D7EA0C-6E6D-4E47-9BF0-8DD55C717518}.Release|x64.ActiveCfg = Release|Any CPU
		{73D7EA0C-6E6D-4E47-9BF0-8DD55C717518}.Release|x64.Build.0 = Release|Any CPU
		{73D7EA0C-6E6D-4E47-9BF0-8DD55C717518}.Release|x86.ActiveCfg = Release|Any CPU
		{73D7EA0C-6E6D-4E47-9BF0-8DD55C717518}.Release|x86.Build.0 = Release|Any CPU
		{74B170D2-7184-4ECE-89B2-94BA5B7863B8}.Debug|Any CPU.ActiveCfg = Debug|Any CPU
		{74B170D2-7184-4ECE-89B2-94BA5B7863B8}.Debug|Any CPU.Build.0 = Debug|Any CPU
		{74B170D2-7184-4ECE-89B2-94BA5B7863B8}.Debug|ARM.ActiveCfg = Debug|Any CPU
		{74B170D2-7184-4ECE-89B2-94BA5B7863B8}.Debug|ARM.Build.0 = Debug|Any CPU
		{74B170D2-7184-4ECE-89B2-94BA5B7863B8}.Debug|iPhone.ActiveCfg = Debug|Any CPU
		{74B170D2-7184-4ECE-89B2-94BA5B7863B8}.Debug|iPhone.Build.0 = Debug|Any CPU
		{74B170D2-7184-4ECE-89B2-94BA5B7863B8}.Debug|iPhoneSimulator.ActiveCfg = Debug|Any CPU
		{74B170D2-7184-4ECE-89B2-94BA5B7863B8}.Debug|iPhoneSimulator.Build.0 = Debug|Any CPU
		{74B170D2-7184-4ECE-89B2-94BA5B7863B8}.Debug|x64.ActiveCfg = Debug|Any CPU
		{74B170D2-7184-4ECE-89B2-94BA5B7863B8}.Debug|x64.Build.0 = Debug|Any CPU
		{74B170D2-7184-4ECE-89B2-94BA5B7863B8}.Debug|x86.ActiveCfg = Debug|Any CPU
		{74B170D2-7184-4ECE-89B2-94BA5B7863B8}.Debug|x86.Build.0 = Debug|Any CPU
		{74B170D2-7184-4ECE-89B2-94BA5B7863B8}.Release|Any CPU.ActiveCfg = Release|Any CPU
		{74B170D2-7184-4ECE-89B2-94BA5B7863B8}.Release|Any CPU.Build.0 = Release|Any CPU
		{74B170D2-7184-4ECE-89B2-94BA5B7863B8}.Release|ARM.ActiveCfg = Release|Any CPU
		{74B170D2-7184-4ECE-89B2-94BA5B7863B8}.Release|ARM.Build.0 = Release|Any CPU
		{74B170D2-7184-4ECE-89B2-94BA5B7863B8}.Release|iPhone.ActiveCfg = Release|Any CPU
		{74B170D2-7184-4ECE-89B2-94BA5B7863B8}.Release|iPhone.Build.0 = Release|Any CPU
		{74B170D2-7184-4ECE-89B2-94BA5B7863B8}.Release|iPhoneSimulator.ActiveCfg = Release|Any CPU
		{74B170D2-7184-4ECE-89B2-94BA5B7863B8}.Release|iPhoneSimulator.Build.0 = Release|Any CPU
		{74B170D2-7184-4ECE-89B2-94BA5B7863B8}.Release|x64.ActiveCfg = Release|Any CPU
		{74B170D2-7184-4ECE-89B2-94BA5B7863B8}.Release|x64.Build.0 = Release|Any CPU
		{74B170D2-7184-4ECE-89B2-94BA5B7863B8}.Release|x86.ActiveCfg = Release|Any CPU
		{74B170D2-7184-4ECE-89B2-94BA5B7863B8}.Release|x86.Build.0 = Release|Any CPU
		{61EEB780-8633-4F98-A539-44D7FE03CEF2}.Debug|Any CPU.ActiveCfg = Debug|x86
		{61EEB780-8633-4F98-A539-44D7FE03CEF2}.Debug|ARM.ActiveCfg = Debug|ARM
		{61EEB780-8633-4F98-A539-44D7FE03CEF2}.Debug|ARM.Build.0 = Debug|ARM
		{61EEB780-8633-4F98-A539-44D7FE03CEF2}.Debug|ARM.Deploy.0 = Debug|ARM
		{61EEB780-8633-4F98-A539-44D7FE03CEF2}.Debug|iPhone.ActiveCfg = Debug|x86
		{61EEB780-8633-4F98-A539-44D7FE03CEF2}.Debug|iPhoneSimulator.ActiveCfg = Debug|x86
		{61EEB780-8633-4F98-A539-44D7FE03CEF2}.Debug|x64.ActiveCfg = Debug|x64
		{61EEB780-8633-4F98-A539-44D7FE03CEF2}.Debug|x64.Build.0 = Debug|x64
		{61EEB780-8633-4F98-A539-44D7FE03CEF2}.Debug|x64.Deploy.0 = Debug|x64
		{61EEB780-8633-4F98-A539-44D7FE03CEF2}.Debug|x86.ActiveCfg = Debug|x86
		{61EEB780-8633-4F98-A539-44D7FE03CEF2}.Debug|x86.Build.0 = Debug|x86
		{61EEB780-8633-4F98-A539-44D7FE03CEF2}.Debug|x86.Deploy.0 = Debug|x86
		{61EEB780-8633-4F98-A539-44D7FE03CEF2}.Release|Any CPU.ActiveCfg = Release|x86
		{61EEB780-8633-4F98-A539-44D7FE03CEF2}.Release|ARM.ActiveCfg = Release|ARM
		{61EEB780-8633-4F98-A539-44D7FE03CEF2}.Release|ARM.Build.0 = Release|ARM
		{61EEB780-8633-4F98-A539-44D7FE03CEF2}.Release|ARM.Deploy.0 = Release|ARM
		{61EEB780-8633-4F98-A539-44D7FE03CEF2}.Release|iPhone.ActiveCfg = Release|x86
		{61EEB780-8633-4F98-A539-44D7FE03CEF2}.Release|iPhoneSimulator.ActiveCfg = Release|x86
		{61EEB780-8633-4F98-A539-44D7FE03CEF2}.Release|x64.ActiveCfg = Release|x64
		{61EEB780-8633-4F98-A539-44D7FE03CEF2}.Release|x64.Build.0 = Release|x64
		{61EEB780-8633-4F98-A539-44D7FE03CEF2}.Release|x64.Deploy.0 = Release|x64
		{61EEB780-8633-4F98-A539-44D7FE03CEF2}.Release|x86.ActiveCfg = Release|x86
		{61EEB780-8633-4F98-A539-44D7FE03CEF2}.Release|x86.Build.0 = Release|x86
		{61EEB780-8633-4F98-A539-44D7FE03CEF2}.Release|x86.Deploy.0 = Release|x86
		{D6E3CB26-BA87-4901-A836-25EF6A7D2A4F}.Debug|Any CPU.ActiveCfg = Debug|Any CPU
		{D6E3CB26-BA87-4901-A836-25EF6A7D2A4F}.Debug|Any CPU.Build.0 = Debug|Any CPU
		{D6E3CB26-BA87-4901-A836-25EF6A7D2A4F}.Debug|Any CPU.Deploy.0 = Debug|Any CPU
		{D6E3CB26-BA87-4901-A836-25EF6A7D2A4F}.Debug|ARM.ActiveCfg = Debug|Any CPU
		{D6E3CB26-BA87-4901-A836-25EF6A7D2A4F}.Debug|ARM.Build.0 = Debug|Any CPU
		{D6E3CB26-BA87-4901-A836-25EF6A7D2A4F}.Debug|ARM.Deploy.0 = Debug|Any CPU
		{D6E3CB26-BA87-4901-A836-25EF6A7D2A4F}.Debug|iPhone.ActiveCfg = Debug|Any CPU
		{D6E3CB26-BA87-4901-A836-25EF6A7D2A4F}.Debug|iPhone.Build.0 = Debug|Any CPU
		{D6E3CB26-BA87-4901-A836-25EF6A7D2A4F}.Debug|iPhone.Deploy.0 = Debug|Any CPU
		{D6E3CB26-BA87-4901-A836-25EF6A7D2A4F}.Debug|iPhoneSimulator.ActiveCfg = Debug|Any CPU
		{D6E3CB26-BA87-4901-A836-25EF6A7D2A4F}.Debug|iPhoneSimulator.Build.0 = Debug|Any CPU
		{D6E3CB26-BA87-4901-A836-25EF6A7D2A4F}.Debug|iPhoneSimulator.Deploy.0 = Debug|Any CPU
		{D6E3CB26-BA87-4901-A836-25EF6A7D2A4F}.Debug|x64.ActiveCfg = Debug|Any CPU
		{D6E3CB26-BA87-4901-A836-25EF6A7D2A4F}.Debug|x64.Build.0 = Debug|Any CPU
		{D6E3CB26-BA87-4901-A836-25EF6A7D2A4F}.Debug|x64.Deploy.0 = Debug|Any CPU
		{D6E3CB26-BA87-4901-A836-25EF6A7D2A4F}.Debug|x86.ActiveCfg = Debug|Any CPU
		{D6E3CB26-BA87-4901-A836-25EF6A7D2A4F}.Debug|x86.Build.0 = Debug|Any CPU
		{D6E3CB26-BA87-4901-A836-25EF6A7D2A4F}.Debug|x86.Deploy.0 = Debug|Any CPU
		{D6E3CB26-BA87-4901-A836-25EF6A7D2A4F}.Release|Any CPU.ActiveCfg = Release|Any CPU
		{D6E3CB26-BA87-4901-A836-25EF6A7D2A4F}.Release|Any CPU.Build.0 = Release|Any CPU
		{D6E3CB26-BA87-4901-A836-25EF6A7D2A4F}.Release|Any CPU.Deploy.0 = Release|Any CPU
		{D6E3CB26-BA87-4901-A836-25EF6A7D2A4F}.Release|ARM.ActiveCfg = Release|Any CPU
		{D6E3CB26-BA87-4901-A836-25EF6A7D2A4F}.Release|ARM.Build.0 = Release|Any CPU
		{D6E3CB26-BA87-4901-A836-25EF6A7D2A4F}.Release|ARM.Deploy.0 = Release|Any CPU
		{D6E3CB26-BA87-4901-A836-25EF6A7D2A4F}.Release|iPhone.ActiveCfg = Release|Any CPU
		{D6E3CB26-BA87-4901-A836-25EF6A7D2A4F}.Release|iPhone.Build.0 = Release|Any CPU
		{D6E3CB26-BA87-4901-A836-25EF6A7D2A4F}.Release|iPhone.Deploy.0 = Release|Any CPU
		{D6E3CB26-BA87-4901-A836-25EF6A7D2A4F}.Release|iPhoneSimulator.ActiveCfg = Release|Any CPU
		{D6E3CB26-BA87-4901-A836-25EF6A7D2A4F}.Release|iPhoneSimulator.Build.0 = Release|Any CPU
		{D6E3CB26-BA87-4901-A836-25EF6A7D2A4F}.Release|iPhoneSimulator.Deploy.0 = Release|Any CPU
		{D6E3CB26-BA87-4901-A836-25EF6A7D2A4F}.Release|x64.ActiveCfg = Release|Any CPU
		{D6E3CB26-BA87-4901-A836-25EF6A7D2A4F}.Release|x64.Build.0 = Release|Any CPU
		{D6E3CB26-BA87-4901-A836-25EF6A7D2A4F}.Release|x64.Deploy.0 = Release|Any CPU
		{D6E3CB26-BA87-4901-A836-25EF6A7D2A4F}.Release|x86.ActiveCfg = Release|Any CPU
		{D6E3CB26-BA87-4901-A836-25EF6A7D2A4F}.Release|x86.Build.0 = Release|Any CPU
		{D6E3CB26-BA87-4901-A836-25EF6A7D2A4F}.Release|x86.Deploy.0 = Release|Any CPU
		{B02AA58F-E2EB-4DF2-A70F-C4352CC9C700}.Debug|Any CPU.ActiveCfg = Debug|iPhoneSimulator
		{B02AA58F-E2EB-4DF2-A70F-C4352CC9C700}.Debug|ARM.ActiveCfg = Debug|iPhoneSimulator
		{B02AA58F-E2EB-4DF2-A70F-C4352CC9C700}.Debug|iPhone.ActiveCfg = Debug|iPhone
		{B02AA58F-E2EB-4DF2-A70F-C4352CC9C700}.Debug|iPhone.Build.0 = Debug|iPhone
		{B02AA58F-E2EB-4DF2-A70F-C4352CC9C700}.Debug|iPhoneSimulator.ActiveCfg = Debug|iPhoneSimulator
		{B02AA58F-E2EB-4DF2-A70F-C4352CC9C700}.Debug|iPhoneSimulator.Build.0 = Debug|iPhoneSimulator
		{B02AA58F-E2EB-4DF2-A70F-C4352CC9C700}.Debug|x64.ActiveCfg = Debug|iPhoneSimulator
		{B02AA58F-E2EB-4DF2-A70F-C4352CC9C700}.Debug|x86.ActiveCfg = Debug|iPhoneSimulator
		{B02AA58F-E2EB-4DF2-A70F-C4352CC9C700}.Release|Any CPU.ActiveCfg = Release|iPhoneSimulator
		{B02AA58F-E2EB-4DF2-A70F-C4352CC9C700}.Release|ARM.ActiveCfg = Release|iPhoneSimulator
		{B02AA58F-E2EB-4DF2-A70F-C4352CC9C700}.Release|iPhone.ActiveCfg = Release|iPhone
		{B02AA58F-E2EB-4DF2-A70F-C4352CC9C700}.Release|iPhone.Build.0 = Release|iPhone
		{B02AA58F-E2EB-4DF2-A70F-C4352CC9C700}.Release|iPhoneSimulator.ActiveCfg = Release|iPhoneSimulator
		{B02AA58F-E2EB-4DF2-A70F-C4352CC9C700}.Release|iPhoneSimulator.Build.0 = Release|iPhoneSimulator
		{B02AA58F-E2EB-4DF2-A70F-C4352CC9C700}.Release|x64.ActiveCfg = Release|iPhoneSimulator
		{B02AA58F-E2EB-4DF2-A70F-C4352CC9C700}.Release|x86.ActiveCfg = Release|iPhoneSimulator
		{7B502209-64DF-4FF7-95B8-85CF6D505E99}.Debug|Any CPU.ActiveCfg = Debug|Any CPU
		{7B502209-64DF-4FF7-95B8-85CF6D505E99}.Debug|Any CPU.Build.0 = Debug|Any CPU
		{7B502209-64DF-4FF7-95B8-85CF6D505E99}.Debug|ARM.ActiveCfg = Debug|Any CPU
		{7B502209-64DF-4FF7-95B8-85CF6D505E99}.Debug|ARM.Build.0 = Debug|Any CPU
		{7B502209-64DF-4FF7-95B8-85CF6D505E99}.Debug|iPhone.ActiveCfg = Debug|Any CPU
		{7B502209-64DF-4FF7-95B8-85CF6D505E99}.Debug|iPhone.Build.0 = Debug|Any CPU
		{7B502209-64DF-4FF7-95B8-85CF6D505E99}.Debug|iPhoneSimulator.ActiveCfg = Debug|Any CPU
		{7B502209-64DF-4FF7-95B8-85CF6D505E99}.Debug|iPhoneSimulator.Build.0 = Debug|Any CPU
		{7B502209-64DF-4FF7-95B8-85CF6D505E99}.Debug|x64.ActiveCfg = Debug|Any CPU
		{7B502209-64DF-4FF7-95B8-85CF6D505E99}.Debug|x64.Build.0 = Debug|Any CPU
		{7B502209-64DF-4FF7-95B8-85CF6D505E99}.Debug|x86.ActiveCfg = Debug|Any CPU
		{7B502209-64DF-4FF7-95B8-85CF6D505E99}.Debug|x86.Build.0 = Debug|Any CPU
		{7B502209-64DF-4FF7-95B8-85CF6D505E99}.Release|Any CPU.ActiveCfg = Release|Any CPU
		{7B502209-64DF-4FF7-95B8-85CF6D505E99}.Release|Any CPU.Build.0 = Release|Any CPU
		{7B502209-64DF-4FF7-95B8-85CF6D505E99}.Release|ARM.ActiveCfg = Release|Any CPU
		{7B502209-64DF-4FF7-95B8-85CF6D505E99}.Release|ARM.Build.0 = Release|Any CPU
		{7B502209-64DF-4FF7-95B8-85CF6D505E99}.Release|iPhone.ActiveCfg = Release|Any CPU
		{7B502209-64DF-4FF7-95B8-85CF6D505E99}.Release|iPhone.Build.0 = Release|Any CPU
		{7B502209-64DF-4FF7-95B8-85CF6D505E99}.Release|iPhoneSimulator.ActiveCfg = Release|Any CPU
		{7B502209-64DF-4FF7-95B8-85CF6D505E99}.Release|iPhoneSimulator.Build.0 = Release|Any CPU
		{7B502209-64DF-4FF7-95B8-85CF6D505E99}.Release|x64.ActiveCfg = Release|Any CPU
		{7B502209-64DF-4FF7-95B8-85CF6D505E99}.Release|x64.Build.0 = Release|Any CPU
		{7B502209-64DF-4FF7-95B8-85CF6D505E99}.Release|x86.ActiveCfg = Release|Any CPU
		{7B502209-64DF-4FF7-95B8-85CF6D505E99}.Release|x86.Build.0 = Release|Any CPU
		{08272B83-F33C-4B95-8BA7-D5A37E802B5D}.Debug|Any CPU.ActiveCfg = Debug|Any CPU
		{08272B83-F33C-4B95-8BA7-D5A37E802B5D}.Debug|Any CPU.Build.0 = Debug|Any CPU
		{08272B83-F33C-4B95-8BA7-D5A37E802B5D}.Debug|ARM.ActiveCfg = Debug|Any CPU
		{08272B83-F33C-4B95-8BA7-D5A37E802B5D}.Debug|ARM.Build.0 = Debug|Any CPU
		{08272B83-F33C-4B95-8BA7-D5A37E802B5D}.Debug|iPhone.ActiveCfg = Debug|Any CPU
		{08272B83-F33C-4B95-8BA7-D5A37E802B5D}.Debug|iPhone.Build.0 = Debug|Any CPU
		{08272B83-F33C-4B95-8BA7-D5A37E802B5D}.Debug|iPhoneSimulator.ActiveCfg = Debug|Any CPU
		{08272B83-F33C-4B95-8BA7-D5A37E802B5D}.Debug|iPhoneSimulator.Build.0 = Debug|Any CPU
		{08272B83-F33C-4B95-8BA7-D5A37E802B5D}.Debug|x64.ActiveCfg = Debug|Any CPU
		{08272B83-F33C-4B95-8BA7-D5A37E802B5D}.Debug|x64.Build.0 = Debug|Any CPU
		{08272B83-F33C-4B95-8BA7-D5A37E802B5D}.Debug|x86.ActiveCfg = Debug|Any CPU
		{08272B83-F33C-4B95-8BA7-D5A37E802B5D}.Debug|x86.Build.0 = Debug|Any CPU
		{08272B83-F33C-4B95-8BA7-D5A37E802B5D}.Release|Any CPU.ActiveCfg = Release|Any CPU
		{08272B83-F33C-4B95-8BA7-D5A37E802B5D}.Release|Any CPU.Build.0 = Release|Any CPU
		{08272B83-F33C-4B95-8BA7-D5A37E802B5D}.Release|ARM.ActiveCfg = Release|Any CPU
		{08272B83-F33C-4B95-8BA7-D5A37E802B5D}.Release|ARM.Build.0 = Release|Any CPU
		{08272B83-F33C-4B95-8BA7-D5A37E802B5D}.Release|iPhone.ActiveCfg = Release|Any CPU
		{08272B83-F33C-4B95-8BA7-D5A37E802B5D}.Release|iPhone.Build.0 = Release|Any CPU
		{08272B83-F33C-4B95-8BA7-D5A37E802B5D}.Release|iPhoneSimulator.ActiveCfg = Release|Any CPU
		{08272B83-F33C-4B95-8BA7-D5A37E802B5D}.Release|iPhoneSimulator.Build.0 = Release|Any CPU
		{08272B83-F33C-4B95-8BA7-D5A37E802B5D}.Release|x64.ActiveCfg = Release|Any CPU
		{08272B83-F33C-4B95-8BA7-D5A37E802B5D}.Release|x64.Build.0 = Release|Any CPU
		{08272B83-F33C-4B95-8BA7-D5A37E802B5D}.Release|x86.ActiveCfg = Release|Any CPU
		{08272B83-F33C-4B95-8BA7-D5A37E802B5D}.Release|x86.Build.0 = Release|Any CPU
	EndGlobalSection
	GlobalSection(SolutionProperties) = preSolution
		HideSolutionNode = FALSE
	EndGlobalSection
	GlobalSection(ExtensibilityGlobals) = postSolution
		SolutionGuid = {A44FA133-8528-4C97-92CE-830DFEB6DF60}
	EndGlobalSection
EndGlobal
